// !$*UTF8*$!
{
	archiveVersion = 1;
	classes = {
	};
	objectVersion = 46;
	objects = {

/* Begin PBXBuildFile section */
		6F86A3671424F4DD005EC589 /* ShoppingViewController.m in Sources */ = {isa = PBXBuildFile; fileRef = 6F86A3541424F4DD005EC589 /* ShoppingViewController.m */; };
		6F86A3681424F4DD005EC589 /* ShoppingViewController.xib in Resources */ = {isa = PBXBuildFile; fileRef = 6F86A3551424F4DD005EC589 /* ShoppingViewController.xib */; };
		6F86A3691424F4DD005EC589 /* BillingInformationViewController.m in Sources */ = {isa = PBXBuildFile; fileRef = 6F86A3581424F4DD005EC589 /* BillingInformationViewController.m */; };
		6F86A36A1424F4DD005EC589 /* BillingInformationViewController.xib in Resources */ = {isa = PBXBuildFile; fileRef = 6F86A3591424F4DD005EC589 /* BillingInformationViewController.xib */; };
		6F86A36B1424F4DD005EC589 /* CartItemListViewController.m in Sources */ = {isa = PBXBuildFile; fileRef = 6F86A35B1424F4DD005EC589 /* CartItemListViewController.m */; };
		6F86A36C1424F4DD005EC589 /* CartItemListViewController.xib in Resources */ = {isa = PBXBuildFile; fileRef = 6F86A35C1424F4DD005EC589 /* CartItemListViewController.xib */; };
		6F86A36D1424F4DD005EC589 /* CartItemTableViewCell.m in Sources */ = {isa = PBXBuildFile; fileRef = 6F86A35E1424F4DD005EC589 /* CartItemTableViewCell.m */; };
		6F86A36E1424F4DD005EC589 /* CartItemTableViewCell.xib in Resources */ = {isa = PBXBuildFile; fileRef = 6F86A35F1424F4DD005EC589 /* CartItemTableViewCell.xib */; };
		6F86A36F1424F4DD005EC589 /* ProductListViewController.m in Sources */ = {isa = PBXBuildFile; fileRef = 6F86A3621424F4DD005EC589 /* ProductListViewController.m */; };
		6F86A3701424F4DD005EC589 /* ProductListViewController.xib in Resources */ = {isa = PBXBuildFile; fileRef = 6F86A3631424F4DD005EC589 /* ProductListViewController.xib */; };
		6F86A3711424F4DD005EC589 /* ProductViewController.m in Sources */ = {isa = PBXBuildFile; fileRef = 6F86A3651424F4DD005EC589 /* ProductViewController.m */; };
		6F86A3721424F4DD005EC589 /* ProductViewController.xib in Resources */ = {isa = PBXBuildFile; fileRef = 6F86A3661424F4DD005EC589 /* ProductViewController.xib */; };
		6F86A3891424F50A005EC589 /* CoconutKit_bootstrap.m in Sources */ = {isa = PBXBuildFile; fileRef = 6F86A3761424F50A005EC589 /* CoconutKit_bootstrap.m */; };
		6F86A38A1424F50A005EC589 /* CoconutKit.framework in Frameworks */ = {isa = PBXBuildFile; fileRef = 6F86A3771424F50A005EC589 /* CoconutKit.framework */; };
		6F86A38B1424F50A005EC589 /* CoconutKit_ButtonBarArrowLeft.png in Resources */ = {isa = PBXBuildFile; fileRef = 6F86A3791424F50A005EC589 /* CoconutKit_ButtonBarArrowLeft.png */; };
		6F86A38C1424F50A005EC589 /* CoconutKit_ButtonBarArrowLeft@2x.png in Resources */ = {isa = PBXBuildFile; fileRef = 6F86A37A1424F50A005EC589 /* CoconutKit_ButtonBarArrowLeft@2x.png */; };
		6F86A38D1424F50A005EC589 /* CoconutKit_ButtonBarArrowRight.png in Resources */ = {isa = PBXBuildFile; fileRef = 6F86A37B1424F50A005EC589 /* CoconutKit_ButtonBarArrowRight.png */; };
		6F86A38E1424F50A005EC589 /* CoconutKit_ButtonBarArrowRight@2x.png in Resources */ = {isa = PBXBuildFile; fileRef = 6F86A37C1424F50A005EC589 /* CoconutKit_ButtonBarArrowRight@2x.png */; };
		6F86A38F1424F50A005EC589 /* CoconutKit_ButtonBarRefresh.png in Resources */ = {isa = PBXBuildFile; fileRef = 6F86A37D1424F50A005EC589 /* CoconutKit_ButtonBarRefresh.png */; };
		6F86A3901424F50A005EC589 /* CoconutKit_ButtonBarRefresh@2x.png in Resources */ = {isa = PBXBuildFile; fileRef = 6F86A37E1424F50A005EC589 /* CoconutKit_ButtonBarRefresh@2x.png */; };
		6F86A3911424F50A005EC589 /* CoconutKit_cursor_default_pointer.png in Resources */ = {isa = PBXBuildFile; fileRef = 6F86A37F1424F50A005EC589 /* CoconutKit_cursor_default_pointer.png */; };
		6F86A3921424F50A005EC589 /* CoconutKit_HLSWebViewController.xib in Resources */ = {isa = PBXBuildFile; fileRef = 6F86A3801424F50A005EC589 /* CoconutKit_HLSWebViewController.xib */; };
		6F86A3931424F50A005EC589 /* CoconutKit_Localizable.strings in Resources */ = {isa = PBXBuildFile; fileRef = 6F86A3811424F50A005EC589 /* CoconutKit_Localizable.strings */; };
		6FEDD638141DC70300D59BFC /* UIKit.framework in Frameworks */ = {isa = PBXBuildFile; fileRef = 6FEDD637141DC70300D59BFC /* UIKit.framework */; };
		6FEDD63A141DC70300D59BFC /* Foundation.framework in Frameworks */ = {isa = PBXBuildFile; fileRef = 6FEDD639141DC70300D59BFC /* Foundation.framework */; };
		6FEDD63C141DC70300D59BFC /* CoreGraphics.framework in Frameworks */ = {isa = PBXBuildFile; fileRef = 6FEDD63B141DC70300D59BFC /* CoreGraphics.framework */; };
		6FEDD65A141DC7E400D59BFC /* iShopping_badAppDelegate.m in Sources */ = {isa = PBXBuildFile; fileRef = 6FEDD658141DC7E400D59BFC /* iShopping_badAppDelegate.m */; };
		6FEDD65B141DC7E400D59BFC /* MainWindow.xib in Resources */ = {isa = PBXBuildFile; fileRef = 6FEDD659141DC7E400D59BFC /* MainWindow.xib */; };
		6FEDD660141DC7EF00D59BFC /* main.m in Sources */ = {isa = PBXBuildFile; fileRef = 6FEDD65E141DC7EF00D59BFC /* main.m */; };
/* End PBXBuildFile section */

/* Begin PBXFileReference section */
		6F86A3531424F4DD005EC589 /* ShoppingViewController.h */ = {isa = PBXFileReference; fileEncoding = 4; lastKnownFileType = sourcecode.c.h; path = ShoppingViewController.h; sourceTree = "<group>"; };
		6F86A3541424F4DD005EC589 /* ShoppingViewController.m */ = {isa = PBXFileReference; fileEncoding = 4; lastKnownFileType = sourcecode.c.objc; path = ShoppingViewController.m; sourceTree = "<group>"; };
		6F86A3551424F4DD005EC589 /* ShoppingViewController.xib */ = {isa = PBXFileReference; fileEncoding = 4; lastKnownFileType = file.xib; path = ShoppingViewController.xib; sourceTree = "<group>"; };
		6F86A3571424F4DD005EC589 /* BillingInformationViewController.h */ = {isa = PBXFileReference; fileEncoding = 4; lastKnownFileType = sourcecode.c.h; path = BillingInformationViewController.h; sourceTree = "<group>"; };
		6F86A3581424F4DD005EC589 /* BillingInformationViewController.m */ = {isa = PBXFileReference; fileEncoding = 4; lastKnownFileType = sourcecode.c.objc; path = BillingInformationViewController.m; sourceTree = "<group>"; };
		6F86A3591424F4DD005EC589 /* BillingInformationViewController.xib */ = {isa = PBXFileReference; fileEncoding = 4; lastKnownFileType = file.xib; path = BillingInformationViewController.xib; sourceTree = "<group>"; };
		6F86A35A1424F4DD005EC589 /* CartItemListViewController.h */ = {isa = PBXFileReference; fileEncoding = 4; lastKnownFileType = sourcecode.c.h; path = CartItemListViewController.h; sourceTree = "<group>"; };
		6F86A35B1424F4DD005EC589 /* CartItemListViewController.m */ = {isa = PBXFileReference; fileEncoding = 4; lastKnownFileType = sourcecode.c.objc; path = CartItemListViewController.m; sourceTree = "<group>"; };
		6F86A35C1424F4DD005EC589 /* CartItemListViewController.xib */ = {isa = PBXFileReference; fileEncoding = 4; lastKnownFileType = file.xib; path = CartItemListViewController.xib; sourceTree = "<group>"; };
		6F86A35D1424F4DD005EC589 /* CartItemTableViewCell.h */ = {isa = PBXFileReference; fileEncoding = 4; lastKnownFileType = sourcecode.c.h; path = CartItemTableViewCell.h; sourceTree = "<group>"; };
		6F86A35E1424F4DD005EC589 /* CartItemTableViewCell.m */ = {isa = PBXFileReference; fileEncoding = 4; lastKnownFileType = sourcecode.c.objc; path = CartItemTableViewCell.m; sourceTree = "<group>"; };
		6F86A35F1424F4DD005EC589 /* CartItemTableViewCell.xib */ = {isa = PBXFileReference; fileEncoding = 4; lastKnownFileType = file.xib; path = CartItemTableViewCell.xib; sourceTree = "<group>"; };
		6F86A3611424F4DD005EC589 /* ProductListViewController.h */ = {isa = PBXFileReference; fileEncoding = 4; lastKnownFileType = sourcecode.c.h; path = ProductListViewController.h; sourceTree = "<group>"; };
		6F86A3621424F4DD005EC589 /* ProductListViewController.m */ = {isa = PBXFileReference; fileEncoding = 4; lastKnownFileType = sourcecode.c.objc; path = ProductListViewController.m; sourceTree = "<group>"; };
		6F86A3631424F4DD005EC589 /* ProductListViewController.xib */ = {isa = PBXFileReference; fileEncoding = 4; lastKnownFileType = file.xib; path = ProductListViewController.xib; sourceTree = "<group>"; };
		6F86A3641424F4DD005EC589 /* ProductViewController.h */ = {isa = PBXFileReference; fileEncoding = 4; lastKnownFileType = sourcecode.c.h; path = ProductViewController.h; sourceTree = "<group>"; };
		6F86A3651424F4DD005EC589 /* ProductViewController.m */ = {isa = PBXFileReference; fileEncoding = 4; lastKnownFileType = sourcecode.c.objc; path = ProductViewController.m; sourceTree = "<group>"; };
		6F86A3661424F4DD005EC589 /* ProductViewController.xib */ = {isa = PBXFileReference; fileEncoding = 4; lastKnownFileType = file.xib; path = ProductViewController.xib; sourceTree = "<group>"; };
		6F86A3761424F50A005EC589 /* CoconutKit_bootstrap.m */ = {isa = PBXFileReference; fileEncoding = 4; lastKnownFileType = sourcecode.c.objc; path = CoconutKit_bootstrap.m; sourceTree = "<group>"; };
		6F86A3771424F50A005EC589 /* CoconutKit.framework */ = {isa = PBXFileReference; lastKnownFileType = wrapper.framework; path = CoconutKit.framework; sourceTree = "<group>"; };
		6F86A3791424F50A005EC589 /* CoconutKit_ButtonBarArrowLeft.png */ = {isa = PBXFileReference; lastKnownFileType = image.png; path = CoconutKit_ButtonBarArrowLeft.png; sourceTree = "<group>"; };
		6F86A37A1424F50A005EC589 /* CoconutKit_ButtonBarArrowLeft@2x.png */ = {isa = PBXFileReference; lastKnownFileType = image.png; path = "CoconutKit_ButtonBarArrowLeft@2x.png"; sourceTree = "<group>"; };
		6F86A37B1424F50A005EC589 /* CoconutKit_ButtonBarArrowRight.png */ = {isa = PBXFileReference; lastKnownFileType = image.png; path = CoconutKit_ButtonBarArrowRight.png; sourceTree = "<group>"; };
		6F86A37C1424F50A005EC589 /* CoconutKit_ButtonBarArrowRight@2x.png */ = {isa = PBXFileReference; lastKnownFileType = image.png; path = "CoconutKit_ButtonBarArrowRight@2x.png"; sourceTree = "<group>"; };
		6F86A37D1424F50A005EC589 /* CoconutKit_ButtonBarRefresh.png */ = {isa = PBXFileReference; lastKnownFileType = image.png; path = CoconutKit_ButtonBarRefresh.png; sourceTree = "<group>"; };
		6F86A37E1424F50A005EC589 /* CoconutKit_ButtonBarRefresh@2x.png */ = {isa = PBXFileReference; lastKnownFileType = image.png; path = "CoconutKit_ButtonBarRefresh@2x.png"; sourceTree = "<group>"; };
		6F86A37F1424F50A005EC589 /* CoconutKit_cursor_default_pointer.png */ = {isa = PBXFileReference; lastKnownFileType = image.png; path = CoconutKit_cursor_default_pointer.png; sourceTree = "<group>"; };
		6F86A3801424F50A005EC589 /* CoconutKit_HLSWebViewController.xib */ = {isa = PBXFileReference; fileEncoding = 4; lastKnownFileType = file.xib; path = CoconutKit_HLSWebViewController.xib; sourceTree = "<group>"; };
		6F86A3831424F50A005EC589 /* en */ = {isa = PBXFileReference; lastKnownFileType = text.plist.strings; name = en; path = en.lproj/CoconutKit_Localizable.strings; sourceTree = "<group>"; };
		6FEDD633141DC70300D59BFC /* iShopping-bad.app */ = {isa = PBXFileReference; explicitFileType = wrapper.application; includeInIndex = 0; path = "iShopping-bad.app"; sourceTree = BUILT_PRODUCTS_DIR; };
		6FEDD637141DC70300D59BFC /* UIKit.framework */ = {isa = PBXFileReference; lastKnownFileType = wrapper.framework; name = UIKit.framework; path = System/Library/Frameworks/UIKit.framework; sourceTree = SDKROOT; };
		6FEDD639141DC70300D59BFC /* Foundation.framework */ = {isa = PBXFileReference; lastKnownFileType = wrapper.framework; name = Foundation.framework; path = System/Library/Frameworks/Foundation.framework; sourceTree = SDKROOT; };
		6FEDD63B141DC70300D59BFC /* CoreGraphics.framework */ = {isa = PBXFileReference; lastKnownFileType = wrapper.framework; name = CoreGraphics.framework; path = System/Library/Frameworks/CoreGraphics.framework; sourceTree = SDKROOT; };
		6FEDD657141DC7E400D59BFC /* iShopping_badAppDelegate.h */ = {isa = PBXFileReference; fileEncoding = 4; lastKnownFileType = sourcecode.c.h; path = iShopping_badAppDelegate.h; sourceTree = "<group>"; };
		6FEDD658141DC7E400D59BFC /* iShopping_badAppDelegate.m */ = {isa = PBXFileReference; fileEncoding = 4; lastKnownFileType = sourcecode.c.objc; path = iShopping_badAppDelegate.m; sourceTree = "<group>"; };
		6FEDD659141DC7E400D59BFC /* MainWindow.xib */ = {isa = PBXFileReference; fileEncoding = 4; lastKnownFileType = file.xib; path = MainWindow.xib; sourceTree = "<group>"; };
		6FEDD65C141DC7EF00D59BFC /* iShopping-bad-Info.plist */ = {isa = PBXFileReference; fileEncoding = 4; lastKnownFileType = text.plist.xml; path = "iShopping-bad-Info.plist"; sourceTree = "<group>"; };
		6FEDD65D141DC7EF00D59BFC /* iShopping-bad-Prefix.pch */ = {isa = PBXFileReference; fileEncoding = 4; lastKnownFileType = sourcecode.c.h; path = "iShopping-bad-Prefix.pch"; sourceTree = "<group>"; };
		6FEDD65E141DC7EF00D59BFC /* main.m */ = {isa = PBXFileReference; fileEncoding = 4; lastKnownFileType = sourcecode.c.objc; path = main.m; sourceTree = "<group>"; };
/* End PBXFileReference section */

/* Begin PBXFrameworksBuildPhase section */
		6FEDD630141DC70300D59BFC /* Frameworks */ = {
			isa = PBXFrameworksBuildPhase;
			buildActionMask = 2147483647;
			files = (
				6FEDD638141DC70300D59BFC /* UIKit.framework in Frameworks */,
				6FEDD63A141DC70300D59BFC /* Foundation.framework in Frameworks */,
				6FEDD63C141DC70300D59BFC /* CoreGraphics.framework in Frameworks */,
				6F86A38A1424F50A005EC589 /* CoconutKit.framework in Frameworks */,
			);
			runOnlyForDeploymentPostprocessing = 0;
		};
/* End PBXFrameworksBuildPhase section */

/* Begin PBXGroup section */
		6F86A3521424F4DD005EC589 /* Application */ = {
			isa = PBXGroup;
			children = (
				6F86A3531424F4DD005EC589 /* ShoppingViewController.h */,
				6F86A3541424F4DD005EC589 /* ShoppingViewController.m */,
				6F86A3551424F4DD005EC589 /* ShoppingViewController.xib */,
			);
			path = Application;
			sourceTree = "<group>";
		};
		6F86A3561424F4DD005EC589 /* Cart */ = {
			isa = PBXGroup;
			children = (
				6F86A3571424F4DD005EC589 /* BillingInformationViewController.h */,
				6F86A3581424F4DD005EC589 /* BillingInformationViewController.m */,
				6F86A3591424F4DD005EC589 /* BillingInformationViewController.xib */,
				6F86A35A1424F4DD005EC589 /* CartItemListViewController.h */,
				6F86A35B1424F4DD005EC589 /* CartItemListViewController.m */,
				6F86A35C1424F4DD005EC589 /* CartItemListViewController.xib */,
				6F86A35D1424F4DD005EC589 /* CartItemTableViewCell.h */,
				6F86A35E1424F4DD005EC589 /* CartItemTableViewCell.m */,
				6F86A35F1424F4DD005EC589 /* CartItemTableViewCell.xib */,
			);
			path = Cart;
			sourceTree = "<group>";
		};
		6F86A3601424F4DD005EC589 /* Product */ = {
			isa = PBXGroup;
			children = (
				6F86A3611424F4DD005EC589 /* ProductListViewController.h */,
				6F86A3621424F4DD005EC589 /* ProductListViewController.m */,
				6F86A3631424F4DD005EC589 /* ProductListViewController.xib */,
				6F86A3641424F4DD005EC589 /* ProductViewController.h */,
				6F86A3651424F4DD005EC589 /* ProductViewController.m */,
				6F86A3661424F4DD005EC589 /* ProductViewController.xib */,
			);
			path = Product;
			sourceTree = "<group>";
		};
		6F86A3741424F50A005EC589 /* CoconutKit-1.0.1-Release.staticframework */ = {
			isa = PBXGroup;
			children = (
				6F86A3751424F50A005EC589 /* Bootstrap */,
				6F86A3771424F50A005EC589 /* CoconutKit.framework */,
				6F86A3781424F50A005EC589 /* Resources */,
			);
			name = "CoconutKit-1.0.1-Release.staticframework";
			path = "/LeStudioSDK/Binaries/CoconutKit/CoconutKit-1.0.1-Release.staticframework";
			sourceTree = "<absolute>";
		};
		6F86A3751424F50A005EC589 /* Bootstrap */ = {
			isa = PBXGroup;
			children = (
				6F86A3761424F50A005EC589 /* CoconutKit_bootstrap.m */,
			);
			path = Bootstrap;
			sourceTree = "<group>";
		};
		6F86A3781424F50A005EC589 /* Resources */ = {
			isa = PBXGroup;
			children = (
				6F86A3791424F50A005EC589 /* CoconutKit_ButtonBarArrowLeft.png */,
				6F86A37A1424F50A005EC589 /* CoconutKit_ButtonBarArrowLeft@2x.png */,
				6F86A37B1424F50A005EC589 /* CoconutKit_ButtonBarArrowRight.png */,
				6F86A37C1424F50A005EC589 /* CoconutKit_ButtonBarArrowRight@2x.png */,
				6F86A37D1424F50A005EC589 /* CoconutKit_ButtonBarRefresh.png */,
				6F86A37E1424F50A005EC589 /* CoconutKit_ButtonBarRefresh@2x.png */,
				6F86A37F1424F50A005EC589 /* CoconutKit_cursor_default_pointer.png */,
				6F86A3801424F50A005EC589 /* CoconutKit_HLSWebViewController.xib */,
				6F86A3811424F50A005EC589 /* CoconutKit_Localizable.strings */,
			);
			path = Resources;
			sourceTree = "<group>";
		};
		6FEDD628141DC70200D59BFC = {
			isa = PBXGroup;
			children = (
				6FEDD655141DC7E400D59BFC /* Sources */,
				6FEDD652141DC72A00D59BFC /* Resources */,
				6FEDD653141DC73400D59BFC /* Other sources */,
				6FEDD636141DC70300D59BFC /* Frameworks */,
				6FEDD634141DC70300D59BFC /* Products */,
			);
			sourceTree = "<group>";
		};
		6FEDD634141DC70300D59BFC /* Products */ = {
			isa = PBXGroup;
			children = (
				6FEDD633141DC70300D59BFC /* iShopping-bad.app */,
			);
			name = Products;
			sourceTree = "<group>";
		};
		6FEDD636141DC70300D59BFC /* Frameworks */ = {
			isa = PBXGroup;
			children = (
				6F86A3741424F50A005EC589 /* CoconutKit-1.0.1-Release.staticframework */,
				6FEDD637141DC70300D59BFC /* UIKit.framework */,
				6FEDD639141DC70300D59BFC /* Foundation.framework */,
				6FEDD63B141DC70300D59BFC /* CoreGraphics.framework */,
			);
			name = Frameworks;
			sourceTree = "<group>";
		};
		6FEDD652141DC72A00D59BFC /* Resources */ = {
			isa = PBXGroup;
			children = (
			);
			name = Resources;
			sourceTree = "<group>";
		};
		6FEDD653141DC73400D59BFC /* Other sources */ = {
			isa = PBXGroup;
			children = (
				6FEDD65C141DC7EF00D59BFC /* iShopping-bad-Info.plist */,
				6FEDD65D141DC7EF00D59BFC /* iShopping-bad-Prefix.pch */,
				6FEDD65E141DC7EF00D59BFC /* main.m */,
			);
			name = "Other sources";
			sourceTree = "<group>";
		};
		6FEDD655141DC7E400D59BFC /* Sources */ = {
			isa = PBXGroup;
			children = (
				6FEDD656141DC7E400D59BFC /* AppDelegate */,
				6F86A3521424F4DD005EC589 /* Application */,
				6F86A3561424F4DD005EC589 /* Cart */,
				6F86A3601424F4DD005EC589 /* Product */,
			);
			path = Sources;
			sourceTree = "<group>";
		};
		6FEDD656141DC7E400D59BFC /* AppDelegate */ = {
			isa = PBXGroup;
			children = (
				6FEDD657141DC7E400D59BFC /* iShopping_badAppDelegate.h */,
				6FEDD658141DC7E400D59BFC /* iShopping_badAppDelegate.m */,
				6FEDD659141DC7E400D59BFC /* MainWindow.xib */,
			);
			path = AppDelegate;
			sourceTree = "<group>";
		};
/* End PBXGroup section */

/* Begin PBXNativeTarget section */
		6FEDD632141DC70300D59BFC /* iShopping-bad */ = {
			isa = PBXNativeTarget;
			buildConfigurationList = 6FEDD64E141DC70300D59BFC /* Build configuration list for PBXNativeTarget "iShopping-bad" */;
			buildPhases = (
				6FEDD62F141DC70300D59BFC /* Sources */,
				6FEDD630141DC70300D59BFC /* Frameworks */,
				6FEDD631141DC70300D59BFC /* Resources */,
			);
			buildRules = (
			);
			dependencies = (
			);
			name = "iShopping-bad";
			productName = "iShopping-bad";
			productReference = 6FEDD633141DC70300D59BFC /* iShopping-bad.app */;
			productType = "com.apple.product-type.application";
		};
/* End PBXNativeTarget section */

/* Begin PBXProject section */
		6FEDD62A141DC70200D59BFC /* Project object */ = {
			isa = PBXProject;
			buildConfigurationList = 6FEDD62D141DC70200D59BFC /* Build configuration list for PBXProject "iShopping-bad" */;
			compatibilityVersion = "Xcode 3.2";
			developmentRegion = English;
			hasScannedForEncodings = 0;
			knownRegions = (
				en,
				de,
				es,
				fr,
				it,
				ja,
				ko,
			);
			mainGroup = 6FEDD628141DC70200D59BFC;
			productRefGroup = 6FEDD634141DC70300D59BFC /* Products */;
			projectDirPath = "";
			projectRoot = "";
			targets = (
				6FEDD632141DC70300D59BFC /* iShopping-bad */,
			);
		};
/* End PBXProject section */

/* Begin PBXResourcesBuildPhase section */
		6FEDD631141DC70300D59BFC /* Resources */ = {
			isa = PBXResourcesBuildPhase;
			buildActionMask = 2147483647;
			files = (
				6FEDD65B141DC7E400D59BFC /* MainWindow.xib in Resources */,
				6F86A3681424F4DD005EC589 /* ShoppingViewController.xib in Resources */,
				6F86A36A1424F4DD005EC589 /* BillingInformationViewController.xib in Resources */,
				6F86A36C1424F4DD005EC589 /* CartItemListViewController.xib in Resources */,
				6F86A36E1424F4DD005EC589 /* CartItemTableViewCell.xib in Resources */,
				6F86A3701424F4DD005EC589 /* ProductListViewController.xib in Resources */,
				6F86A3721424F4DD005EC589 /* ProductViewController.xib in Resources */,
				6F86A38B1424F50A005EC589 /* CoconutKit_ButtonBarArrowLeft.png in Resources */,
				6F86A38C1424F50A005EC589 /* CoconutKit_ButtonBarArrowLeft@2x.png in Resources */,
				6F86A38D1424F50A005EC589 /* CoconutKit_ButtonBarArrowRight.png in Resources */,
				6F86A38E1424F50A005EC589 /* CoconutKit_ButtonBarArrowRight@2x.png in Resources */,
				6F86A38F1424F50A005EC589 /* CoconutKit_ButtonBarRefresh.png in Resources */,
				6F86A3901424F50A005EC589 /* CoconutKit_ButtonBarRefresh@2x.png in Resources */,
				6F86A3911424F50A005EC589 /* CoconutKit_cursor_default_pointer.png in Resources */,
				6F86A3921424F50A005EC589 /* CoconutKit_HLSWebViewController.xib in Resources */,
				6F86A3931424F50A005EC589 /* CoconutKit_Localizable.strings in Resources */,
			);
			runOnlyForDeploymentPostprocessing = 0;
		};
/* End PBXResourcesBuildPhase section */

/* Begin PBXSourcesBuildPhase section */
		6FEDD62F141DC70300D59BFC /* Sources */ = {
			isa = PBXSourcesBuildPhase;
			buildActionMask = 2147483647;
			files = (
				6FEDD65A141DC7E400D59BFC /* iShopping_badAppDelegate.m in Sources */,
				6FEDD660141DC7EF00D59BFC /* main.m in Sources */,
				6F86A3671424F4DD005EC589 /* ShoppingViewController.m in Sources */,
				6F86A3691424F4DD005EC589 /* BillingInformationViewController.m in Sources */,
				6F86A36B1424F4DD005EC589 /* CartItemListViewController.m in Sources */,
				6F86A36D1424F4DD005EC589 /* CartItemTableViewCell.m in Sources */,
				6F86A36F1424F4DD005EC589 /* ProductListViewController.m in Sources */,
				6F86A3711424F4DD005EC589 /* ProductViewController.m in Sources */,
				6F86A3891424F50A005EC589 /* CoconutKit_bootstrap.m in Sources */,
			);
			runOnlyForDeploymentPostprocessing = 0;
		};
/* End PBXSourcesBuildPhase section */

/* Begin PBXVariantGroup section */
		6F86A3811424F50A005EC589 /* CoconutKit_Localizable.strings */ = {
			isa = PBXVariantGroup;
			children = (
				6F86A3831424F50A005EC589 /* en */,
			);
			name = CoconutKit_Localizable.strings;
			sourceTree = "<group>";
		};
/* End PBXVariantGroup section */

/* Begin XCBuildConfiguration section */
		6FEDD64C141DC70300D59BFC /* Debug */ = {
			isa = XCBuildConfiguration;
			buildSettings = {
				ALWAYS_SEARCH_USER_PATHS = NO;
				ARCHS = "$(ARCHS_UNIVERSAL_IPHONE_OS)";
				"CODE_SIGN_IDENTITY[sdk=iphoneos*]" = "iPhone Developer";
				COPY_PHASE_STRIP = NO;
				GCC_C_LANGUAGE_STANDARD = gnu99;
				GCC_DYNAMIC_NO_PIC = NO;
				GCC_OPTIMIZATION_LEVEL = 0;
				GCC_PREPROCESSOR_DEFINITIONS = (
					"DEBUG=1",
					"$(inherited)",
				);
				GCC_SYMBOLS_PRIVATE_EXTERN = NO;
				GCC_VERSION = com.apple.compilers.llvmgcc42;
				GCC_WARN_ABOUT_MISSING_PROTOTYPES = YES;
				GCC_WARN_ABOUT_RETURN_TYPE = YES;
				GCC_WARN_UNUSED_VARIABLE = YES;
				IPHONEOS_DEPLOYMENT_TARGET = 4.3;
				SDKROOT = iphoneos;
				TARGETED_DEVICE_FAMILY = 2;
			};
			name = Debug;
		};
		6FEDD64D141DC70300D59BFC /* Release */ = {
			isa = XCBuildConfiguration;
			buildSettings = {
				ALWAYS_SEARCH_USER_PATHS = NO;
				ARCHS = "$(ARCHS_UNIVERSAL_IPHONE_OS)";
				"CODE_SIGN_IDENTITY[sdk=iphoneos*]" = "iPhone Developer";
				COPY_PHASE_STRIP = YES;
				GCC_C_LANGUAGE_STANDARD = gnu99;
				GCC_VERSION = com.apple.compilers.llvmgcc42;
				GCC_WARN_ABOUT_MISSING_PROTOTYPES = YES;
				GCC_WARN_ABOUT_RETURN_TYPE = YES;
				GCC_WARN_UNUSED_VARIABLE = YES;
				IPHONEOS_DEPLOYMENT_TARGET = 4.3;
				OTHER_CFLAGS = "-DNS_BLOCK_ASSERTIONS=1";
				SDKROOT = iphoneos;
				TARGETED_DEVICE_FAMILY = 2;
				VALIDATE_PRODUCT = YES;
			};
			name = Release;
		};
		6FEDD64F141DC70300D59BFC /* Debug */ = {
			isa = XCBuildConfiguration;
			buildSettings = {
				FRAMEWORK_SEARCH_PATHS = (
					"$(inherited)",
					"\"/LeStudioSDK/Binaries/CoconutKit/CoconutKit-1.0.1-$(CONFIGURATION).staticframework\"",
				);
				GCC_PRECOMPILE_PREFIX_HEADER = YES;
				GCC_PREFIX_HEADER = "iShopping-bad-Prefix.pch";
				INFOPLIST_FILE = "iShopping-bad-Info.plist";
				PRODUCT_NAME = "$(TARGET_NAME)";
				WRAPPER_EXTENSION = app;
			};
			name = Debug;
		};
		6FEDD650141DC70300D59BFC /* Release */ = {
			isa = XCBuildConfiguration;
			buildSettings = {
				FRAMEWORK_SEARCH_PATHS = (
					"$(inherited)",
					"\"/LeStudioSDK/Binaries/CoconutKit/CoconutKit-1.0.1-$(CONFIGURATION).staticframework\"",
				);
				GCC_PRECOMPILE_PREFIX_HEADER = YES;
				GCC_PREFIX_HEADER = "iShopping-bad-Prefix.pch";
				INFOPLIST_FILE = "iShopping-bad-Info.plist";
				PRODUCT_NAME = "$(TARGET_NAME)";
				WRAPPER_EXTENSION = app;
			};
			name = Release;
		};
/* End XCBuildConfiguration section */

/* Begin XCConfigurationList section */
		6FEDD62D141DC70200D59BFC /* Build configuration list for PBXProject "iShopping-bad" */ = {
			isa = XCConfigurationList;
			buildConfigurations = (
				6FEDD64C141DC70300D59BFC /* Debug */,
				6FEDD64D141DC70300D59BFC /* Release */,
			);
			defaultConfigurationIsVisible = 0;
			defaultConfigurationName = Release;
		};
		6FEDD64E141DC70300D59BFC /* Build configuration list for PBXNativeTarget "iShopping-bad" */ = {
			isa = XCConfigurationList;
			buildConfigurations = (
				6FEDD64F141DC70300D59BFC /* Debug */,
				6FEDD650141DC70300D59BFC /* Release */,
			);
			defaultConfigurationIsVisible = 0;
			defaultConfigurationName = Release;
		};
/* End XCConfigurationList section */
	};
	rootObject = 6FEDD62A141DC70200D59BFC /* Project object */;
}
