// !$*UTF8*$!
{
	archiveVersion = 1;
	classes = {
	};
	objectVersion = 46;
	objects = {

/* Begin PBXBuildFile section */
		6F7765B31421482A0043D472 /* BillingInformationViewController.m in Sources */ = {isa = PBXBuildFile; fileRef = 6F7765B21421482A0043D472 /* BillingInformationViewController.m */; };
		6F7765B61421483C0043D472 /* BillingInformationViewController.xib in Resources */ = {isa = PBXBuildFile; fileRef = 6F7765B51421483C0043D472 /* BillingInformationViewController.xib */; };
		6F86679A14206B59006AA9E5 /* CartItemListViewController.m in Sources */ = {isa = PBXBuildFile; fileRef = 6F86679914206B59006AA9E5 /* CartItemListViewController.m */; };
		6F86679C14206B69006AA9E5 /* CartItemListViewController.xib in Resources */ = {isa = PBXBuildFile; fileRef = 6F86679B14206B69006AA9E5 /* CartItemListViewController.xib */; };
		6F86679F1420702B006AA9E5 /* CartItemTableViewCell.m in Sources */ = {isa = PBXBuildFile; fileRef = 6F86679E1420702B006AA9E5 /* CartItemTableViewCell.m */; };
		6F8667A114207046006AA9E5 /* CartItemTableViewCell.xib in Resources */ = {isa = PBXBuildFile; fileRef = 6F8667A014207046006AA9E5 /* CartItemTableViewCell.xib */; };
		6FAE40D8141F1E54008C5D02 /* ProductViewController.m in Sources */ = {isa = PBXBuildFile; fileRef = 6FAE40D7141F1E54008C5D02 /* ProductViewController.m */; };
		6FAE40DB141F1E83008C5D02 /* ProductViewController.xib in Resources */ = {isa = PBXBuildFile; fileRef = 6FAE40DA141F1E83008C5D02 /* ProductViewController.xib */; };
		6FEDD638141DC70300D59BFC /* UIKit.framework in Frameworks */ = {isa = PBXBuildFile; fileRef = 6FEDD637141DC70300D59BFC /* UIKit.framework */; };
		6FEDD63A141DC70300D59BFC /* Foundation.framework in Frameworks */ = {isa = PBXBuildFile; fileRef = 6FEDD639141DC70300D59BFC /* Foundation.framework */; };
		6FEDD63C141DC70300D59BFC /* CoreGraphics.framework in Frameworks */ = {isa = PBXBuildFile; fileRef = 6FEDD63B141DC70300D59BFC /* CoreGraphics.framework */; };
		6FEDD65A141DC7E400D59BFC /* iShopping_goodAppDelegate.m in Sources */ = {isa = PBXBuildFile; fileRef = 6FEDD658141DC7E400D59BFC /* iShopping_goodAppDelegate.m */; };
		6FEDD65B141DC7E400D59BFC /* MainWindow.xib in Resources */ = {isa = PBXBuildFile; fileRef = 6FEDD659141DC7E400D59BFC /* MainWindow.xib */; };
		6FEDD660141DC7EF00D59BFC /* main.m in Sources */ = {isa = PBXBuildFile; fileRef = 6FEDD65E141DC7EF00D59BFC /* main.m */; };
		6FEDD699141DCEB700D59BFC /* CoconutKit_bootstrap.m in Sources */ = {isa = PBXBuildFile; fileRef = 6FEDD686141DCEB700D59BFC /* CoconutKit_bootstrap.m */; };
		6FEDD69A141DCEB700D59BFC /* CoconutKit.framework in Frameworks */ = {isa = PBXBuildFile; fileRef = 6FEDD687141DCEB700D59BFC /* CoconutKit.framework */; };
		6FEDD69B141DCEB700D59BFC /* CoconutKit_ButtonBarArrowLeft.png in Resources */ = {isa = PBXBuildFile; fileRef = 6FEDD689141DCEB700D59BFC /* CoconutKit_ButtonBarArrowLeft.png */; };
		6FEDD69C141DCEB700D59BFC /* CoconutKit_ButtonBarArrowLeft@2x.png in Resources */ = {isa = PBXBuildFile; fileRef = 6FEDD68A141DCEB700D59BFC /* CoconutKit_ButtonBarArrowLeft@2x.png */; };
		6FEDD69D141DCEB700D59BFC /* CoconutKit_ButtonBarArrowRight.png in Resources */ = {isa = PBXBuildFile; fileRef = 6FEDD68B141DCEB700D59BFC /* CoconutKit_ButtonBarArrowRight.png */; };
		6FEDD69E141DCEB700D59BFC /* CoconutKit_ButtonBarArrowRight@2x.png in Resources */ = {isa = PBXBuildFile; fileRef = 6FEDD68C141DCEB700D59BFC /* CoconutKit_ButtonBarArrowRight@2x.png */; };
		6FEDD69F141DCEB700D59BFC /* CoconutKit_ButtonBarRefresh.png in Resources */ = {isa = PBXBuildFile; fileRef = 6FEDD68D141DCEB700D59BFC /* CoconutKit_ButtonBarRefresh.png */; };
		6FEDD6A0141DCEB700D59BFC /* CoconutKit_ButtonBarRefresh@2x.png in Resources */ = {isa = PBXBuildFile; fileRef = 6FEDD68E141DCEB700D59BFC /* CoconutKit_ButtonBarRefresh@2x.png */; };
		6FEDD6A1141DCEB700D59BFC /* CoconutKit_cursor_default_pointer.png in Resources */ = {isa = PBXBuildFile; fileRef = 6FEDD68F141DCEB700D59BFC /* CoconutKit_cursor_default_pointer.png */; };
		6FEDD6A2141DCEB700D59BFC /* CoconutKit_HLSWebViewController.xib in Resources */ = {isa = PBXBuildFile; fileRef = 6FEDD690141DCEB700D59BFC /* CoconutKit_HLSWebViewController.xib */; };
		6FEDD6A3141DCEB700D59BFC /* CoconutKit_Localizable.strings in Resources */ = {isa = PBXBuildFile; fileRef = 6FEDD691141DCEB700D59BFC /* CoconutKit_Localizable.strings */; };
		6FEDD6A6141DCF0C00D59BFC /* ShoppingViewController.m in Sources */ = {isa = PBXBuildFile; fileRef = 6FEDD6A5141DCF0C00D59BFC /* ShoppingViewController.m */; };
		6FEDD6A8141DCF2100D59BFC /* ShoppingViewController.xib in Resources */ = {isa = PBXBuildFile; fileRef = 6FEDD6A7141DCF2100D59BFC /* ShoppingViewController.xib */; };
		6FEDD755141E63DB00D59BFC /* ProductListViewController.m in Sources */ = {isa = PBXBuildFile; fileRef = 6FEDD754141E63DB00D59BFC /* ProductListViewController.m */; };
		6FEDD758141E641100D59BFC /* ProductListViewController.xib in Resources */ = {isa = PBXBuildFile; fileRef = 6FEDD757141E641100D59BFC /* ProductListViewController.xib */; };
/* End PBXBuildFile section */

/* Begin PBXFileReference section */
		6F7765B11421482A0043D472 /* BillingInformationViewController.h */ = {isa = PBXFileReference; fileEncoding = 4; lastKnownFileType = sourcecode.c.h; path = BillingInformationViewController.h; sourceTree = "<group>"; };
		6F7765B21421482A0043D472 /* BillingInformationViewController.m */ = {isa = PBXFileReference; fileEncoding = 4; lastKnownFileType = sourcecode.c.objc; path = BillingInformationViewController.m; sourceTree = "<group>"; };
		6F7765B51421483C0043D472 /* BillingInformationViewController.xib */ = {isa = PBXFileReference; fileEncoding = 4; lastKnownFileType = file.xib; path = BillingInformationViewController.xib; sourceTree = "<group>"; };
		6F86679814206B59006AA9E5 /* CartItemListViewController.h */ = {isa = PBXFileReference; fileEncoding = 4; lastKnownFileType = sourcecode.c.h; path = CartItemListViewController.h; sourceTree = "<group>"; };
		6F86679914206B59006AA9E5 /* CartItemListViewController.m */ = {isa = PBXFileReference; fileEncoding = 4; lastKnownFileType = sourcecode.c.objc; path = CartItemListViewController.m; sourceTree = "<group>"; };
		6F86679B14206B69006AA9E5 /* CartItemListViewController.xib */ = {isa = PBXFileReference; fileEncoding = 4; lastKnownFileType = file.xib; path = CartItemListViewController.xib; sourceTree = "<group>"; };
		6F86679D1420702B006AA9E5 /* CartItemTableViewCell.h */ = {isa = PBXFileReference; fileEncoding = 4; lastKnownFileType = sourcecode.c.h; path = CartItemTableViewCell.h; sourceTree = "<group>"; };
		6F86679E1420702B006AA9E5 /* CartItemTableViewCell.m */ = {isa = PBXFileReference; fileEncoding = 4; lastKnownFileType = sourcecode.c.objc; path = CartItemTableViewCell.m; sourceTree = "<group>"; };
		6F8667A014207046006AA9E5 /* CartItemTableViewCell.xib */ = {isa = PBXFileReference; fileEncoding = 4; lastKnownFileType = file.xib; path = CartItemTableViewCell.xib; sourceTree = "<group>"; };
		6FAE40D6141F1E54008C5D02 /* ProductViewController.h */ = {isa = PBXFileReference; fileEncoding = 4; lastKnownFileType = sourcecode.c.h; path = ProductViewController.h; sourceTree = "<group>"; };
		6FAE40D7141F1E54008C5D02 /* ProductViewController.m */ = {isa = PBXFileReference; fileEncoding = 4; lastKnownFileType = sourcecode.c.objc; path = ProductViewController.m; sourceTree = "<group>"; };
		6FAE40DA141F1E83008C5D02 /* ProductViewController.xib */ = {isa = PBXFileReference; fileEncoding = 4; lastKnownFileType = file.xib; path = ProductViewController.xib; sourceTree = "<group>"; };
		6FEDD633141DC70300D59BFC /* iShopping-good.app */ = {isa = PBXFileReference; explicitFileType = wrapper.application; includeInIndex = 0; path = "iShopping-good.app"; sourceTree = BUILT_PRODUCTS_DIR; };
		6FEDD637141DC70300D59BFC /* UIKit.framework */ = {isa = PBXFileReference; lastKnownFileType = wrapper.framework; name = UIKit.framework; path = System/Library/Frameworks/UIKit.framework; sourceTree = SDKROOT; };
		6FEDD639141DC70300D59BFC /* Foundation.framework */ = {isa = PBXFileReference; lastKnownFileType = wrapper.framework; name = Foundation.framework; path = System/Library/Frameworks/Foundation.framework; sourceTree = SDKROOT; };
		6FEDD63B141DC70300D59BFC /* CoreGraphics.framework */ = {isa = PBXFileReference; lastKnownFileType = wrapper.framework; name = CoreGraphics.framework; path = System/Library/Frameworks/CoreGraphics.framework; sourceTree = SDKROOT; };
		6FEDD657141DC7E400D59BFC /* iShopping_goodAppDelegate.h */ = {isa = PBXFileReference; fileEncoding = 4; lastKnownFileType = sourcecode.c.h; path = iShopping_goodAppDelegate.h; sourceTree = "<group>"; };
		6FEDD658141DC7E400D59BFC /* iShopping_goodAppDelegate.m */ = {isa = PBXFileReference; fileEncoding = 4; lastKnownFileType = sourcecode.c.objc; path = iShopping_goodAppDelegate.m; sourceTree = "<group>"; };
		6FEDD659141DC7E400D59BFC /* MainWindow.xib */ = {isa = PBXFileReference; fileEncoding = 4; lastKnownFileType = file.xib; path = MainWindow.xib; sourceTree = "<group>"; };
		6FEDD65C141DC7EF00D59BFC /* iShopping-good-Info.plist */ = {isa = PBXFileReference; fileEncoding = 4; lastKnownFileType = text.plist.xml; path = "iShopping-good-Info.plist"; sourceTree = "<group>"; };
		6FEDD65D141DC7EF00D59BFC /* iShopping-good-Prefix.pch */ = {isa = PBXFileReference; fileEncoding = 4; lastKnownFileType = sourcecode.c.h; path = "iShopping-good-Prefix.pch"; sourceTree = "<group>"; };
		6FEDD65E141DC7EF00D59BFC /* main.m */ = {isa = PBXFileReference; fileEncoding = 4; lastKnownFileType = sourcecode.c.objc; path = main.m; sourceTree = "<group>"; };
		6FEDD686141DCEB700D59BFC /* CoconutKit_bootstrap.m */ = {isa = PBXFileReference; fileEncoding = 4; lastKnownFileType = sourcecode.c.objc; path = CoconutKit_bootstrap.m; sourceTree = "<group>"; };
		6FEDD687141DCEB700D59BFC /* CoconutKit.framework */ = {isa = PBXFileReference; lastKnownFileType = wrapper.framework; path = CoconutKit.framework; sourceTree = "<group>"; };
		6FEDD689141DCEB700D59BFC /* CoconutKit_ButtonBarArrowLeft.png */ = {isa = PBXFileReference; lastKnownFileType = image.png; path = CoconutKit_ButtonBarArrowLeft.png; sourceTree = "<group>"; };
		6FEDD68A141DCEB700D59BFC /* CoconutKit_ButtonBarArrowLeft@2x.png */ = {isa = PBXFileReference; lastKnownFileType = image.png; path = "CoconutKit_ButtonBarArrowLeft@2x.png"; sourceTree = "<group>"; };
		6FEDD68B141DCEB700D59BFC /* CoconutKit_ButtonBarArrowRight.png */ = {isa = PBXFileReference; lastKnownFileType = image.png; path = CoconutKit_ButtonBarArrowRight.png; sourceTree = "<group>"; };
		6FEDD68C141DCEB700D59BFC /* CoconutKit_ButtonBarArrowRight@2x.png */ = {isa = PBXFileReference; lastKnownFileType = image.png; path = "CoconutKit_ButtonBarArrowRight@2x.png"; sourceTree = "<group>"; };
		6FEDD68D141DCEB700D59BFC /* CoconutKit_ButtonBarRefresh.png */ = {isa = PBXFileReference; lastKnownFileType = image.png; path = CoconutKit_ButtonBarRefresh.png; sourceTree = "<group>"; };
		6FEDD68E141DCEB700D59BFC /* CoconutKit_ButtonBarRefresh@2x.png */ = {isa = PBXFileReference; lastKnownFileType = image.png; path = "CoconutKit_ButtonBarRefresh@2x.png"; sourceTree = "<group>"; };
		6FEDD68F141DCEB700D59BFC /* CoconutKit_cursor_default_pointer.png */ = {isa = PBXFileReference; lastKnownFileType = image.png; path = CoconutKit_cursor_default_pointer.png; sourceTree = "<group>"; };
		6FEDD690141DCEB700D59BFC /* CoconutKit_HLSWebViewController.xib */ = {isa = PBXFileReference; fileEncoding = 4; lastKnownFileType = file.xib; path = CoconutKit_HLSWebViewController.xib; sourceTree = "<group>"; };
		6FEDD693141DCEB700D59BFC /* en */ = {isa = PBXFileReference; lastKnownFileType = text.plist.strings; name = en; path = en.lproj/CoconutKit_Localizable.strings; sourceTree = "<group>"; };
		6FEDD6A4141DCF0C00D59BFC /* ShoppingViewController.h */ = {isa = PBXFileReference; fileEncoding = 4; lastKnownFileType = sourcecode.c.h; path = ShoppingViewController.h; sourceTree = "<group>"; };
		6FEDD6A5141DCF0C00D59BFC /* ShoppingViewController.m */ = {isa = PBXFileReference; fileEncoding = 4; lastKnownFileType = sourcecode.c.objc; path = ShoppingViewController.m; sourceTree = "<group>"; };
		6FEDD6A7141DCF2100D59BFC /* ShoppingViewController.xib */ = {isa = PBXFileReference; fileEncoding = 4; lastKnownFileType = file.xib; path = ShoppingViewController.xib; sourceTree = "<group>"; };
		6FEDD753141E63DB00D59BFC /* ProductListViewController.h */ = {isa = PBXFileReference; fileEncoding = 4; lastKnownFileType = sourcecode.c.h; path = ProductListViewController.h; sourceTree = "<group>"; };
		6FEDD754141E63DB00D59BFC /* ProductListViewController.m */ = {isa = PBXFileReference; fileEncoding = 4; lastKnownFileType = sourcecode.c.objc; path = ProductListViewController.m; sourceTree = "<group>"; };
		6FEDD757141E641100D59BFC /* ProductListViewController.xib */ = {isa = PBXFileReference; fileEncoding = 4; lastKnownFileType = file.xib; path = ProductListViewController.xib; sourceTree = "<group>"; };
/* End PBXFileReference section */

/* Begin PBXFrameworksBuildPhase section */
		6FEDD630141DC70300D59BFC /* Frameworks */ = {
			isa = PBXFrameworksBuildPhase;
			buildActionMask = 2147483647;
			files = (
				6FEDD638141DC70300D59BFC /* UIKit.framework in Frameworks */,
				6FEDD63A141DC70300D59BFC /* Foundation.framework in Frameworks */,
				6FEDD63C141DC70300D59BFC /* CoreGraphics.framework in Frameworks */,
				6FEDD69A141DCEB700D59BFC /* CoconutKit.framework in Frameworks */,
			);
			runOnlyForDeploymentPostprocessing = 0;
		};
/* End PBXFrameworksBuildPhase section */

/* Begin PBXGroup section */
		6F86679714206B3C006AA9E5 /* Cart */ = {
			isa = PBXGroup;
			children = (
				6F7765B11421482A0043D472 /* BillingInformationViewController.h */,
				6F7765B21421482A0043D472 /* BillingInformationViewController.m */,
				6F7765B51421483C0043D472 /* BillingInformationViewController.xib */,
				6F86679814206B59006AA9E5 /* CartItemListViewController.h */,
				6F86679914206B59006AA9E5 /* CartItemListViewController.m */,
				6F86679B14206B69006AA9E5 /* CartItemListViewController.xib */,
				6F86679D1420702B006AA9E5 /* CartItemTableViewCell.h */,
				6F86679E1420702B006AA9E5 /* CartItemTableViewCell.m */,
				6F8667A014207046006AA9E5 /* CartItemTableViewCell.xib */,
			);
			path = Cart;
			sourceTree = "<group>";
		};
		6FEDD628141DC70200D59BFC = {
			isa = PBXGroup;
			children = (
				6FEDD655141DC7E400D59BFC /* Sources */,
				6FEDD653141DC73400D59BFC /* Other sources */,
				6FEDD636141DC70300D59BFC /* Frameworks */,
				6FEDD634141DC70300D59BFC /* Products */,
			);
			sourceTree = "<group>";
		};
		6FEDD634141DC70300D59BFC /* Products */ = {
			isa = PBXGroup;
			children = (
				6FEDD633141DC70300D59BFC /* iShopping-good.app */,
			);
			name = Products;
			sourceTree = "<group>";
		};
		6FEDD636141DC70300D59BFC /* Frameworks */ = {
			isa = PBXGroup;
			children = (
				6FEDD684141DCEB700D59BFC /* CoconutKit-1.0.1-Release.staticframework */,
				6FEDD637141DC70300D59BFC /* UIKit.framework */,
				6FEDD639141DC70300D59BFC /* Foundation.framework */,
				6FEDD63B141DC70300D59BFC /* CoreGraphics.framework */,
			);
			name = Frameworks;
			sourceTree = "<group>";
		};
		6FEDD653141DC73400D59BFC /* Other sources */ = {
			isa = PBXGroup;
			children = (
				6FEDD65C141DC7EF00D59BFC /* iShopping-good-Info.plist */,
				6FEDD65D141DC7EF00D59BFC /* iShopping-good-Prefix.pch */,
				6FEDD65E141DC7EF00D59BFC /* main.m */,
			);
			name = "Other sources";
			sourceTree = "<group>";
		};
		6FEDD655141DC7E400D59BFC /* Sources */ = {
			isa = PBXGroup;
			children = (
				6FEDD656141DC7E400D59BFC /* AppDelegate */,
				6FEDD680141DCE2000D59BFC /* Application */,
				6F86679714206B3C006AA9E5 /* Cart */,
				6FEDD682141DCE2000D59BFC /* Product */,
			);
			path = Sources;
			sourceTree = "<group>";
		};
		6FEDD656141DC7E400D59BFC /* AppDelegate */ = {
			isa = PBXGroup;
			children = (
				6FEDD657141DC7E400D59BFC /* iShopping_goodAppDelegate.h */,
				6FEDD658141DC7E400D59BFC /* iShopping_goodAppDelegate.m */,
				6FEDD659141DC7E400D59BFC /* MainWindow.xib */,
			);
			path = AppDelegate;
			sourceTree = "<group>";
		};
		6FEDD680141DCE2000D59BFC /* Application */ = {
			isa = PBXGroup;
			children = (
				6FEDD6A4141DCF0C00D59BFC /* ShoppingViewController.h */,
				6FEDD6A5141DCF0C00D59BFC /* ShoppingViewController.m */,
				6FEDD6A7141DCF2100D59BFC /* ShoppingViewController.xib */,
			);
			path = Application;
			sourceTree = "<group>";
		};
		6FEDD682141DCE2000D59BFC /* Product */ = {
			isa = PBXGroup;
			children = (
				6FEDD753141E63DB00D59BFC /* ProductListViewController.h */,
				6FEDD754141E63DB00D59BFC /* ProductListViewController.m */,
				6FEDD757141E641100D59BFC /* ProductListViewController.xib */,
				6FAE40D6141F1E54008C5D02 /* ProductViewController.h */,
				6FAE40D7141F1E54008C5D02 /* ProductViewController.m */,
				6FAE40DA141F1E83008C5D02 /* ProductViewController.xib */,
			);
			path = Product;
			sourceTree = "<group>";
		};
		6FEDD684141DCEB700D59BFC /* CoconutKit-1.0.1-Release.staticframework */ = {
			isa = PBXGroup;
			children = (
				6FEDD685141DCEB700D59BFC /* Bootstrap */,
				6FEDD687141DCEB700D59BFC /* CoconutKit.framework */,
				6FEDD688141DCEB700D59BFC /* Resources */,
			);
			name = "CoconutKit-1.0.1-Release.staticframework";
			path = "/LeStudioSDK/Binaries/CoconutKit/CoconutKit-1.0.1-Release.staticframework";
			sourceTree = "<absolute>";
		};
		6FEDD685141DCEB700D59BFC /* Bootstrap */ = {
			isa = PBXGroup;
			children = (
				6FEDD686141DCEB700D59BFC /* CoconutKit_bootstrap.m */,
			);
			path = Bootstrap;
			sourceTree = "<group>";
		};
		6FEDD688141DCEB700D59BFC /* Resources */ = {
			isa = PBXGroup;
			children = (
				6FEDD689141DCEB700D59BFC /* CoconutKit_ButtonBarArrowLeft.png */,
				6FEDD68A141DCEB700D59BFC /* CoconutKit_ButtonBarArrowLeft@2x.png */,
				6FEDD68B141DCEB700D59BFC /* CoconutKit_ButtonBarArrowRight.png */,
				6FEDD68C141DCEB700D59BFC /* CoconutKit_ButtonBarArrowRight@2x.png */,
				6FEDD68D141DCEB700D59BFC /* CoconutKit_ButtonBarRefresh.png */,
				6FEDD68E141DCEB700D59BFC /* CoconutKit_ButtonBarRefresh@2x.png */,
				6FEDD68F141DCEB700D59BFC /* CoconutKit_cursor_default_pointer.png */,
				6FEDD690141DCEB700D59BFC /* CoconutKit_HLSWebViewController.xib */,
				6FEDD691141DCEB700D59BFC /* CoconutKit_Localizable.strings */,
			);
			path = Resources;
			sourceTree = "<group>";
		};
/* End PBXGroup section */

/* Begin PBXNativeTarget section */
		6FEDD632141DC70300D59BFC /* iShopping-good */ = {
			isa = PBXNativeTarget;
			buildConfigurationList = 6FEDD64E141DC70300D59BFC /* Build configuration list for PBXNativeTarget "iShopping-good" */;
			buildPhases = (
				6FEDD62F141DC70300D59BFC /* Sources */,
				6FEDD630141DC70300D59BFC /* Frameworks */,
				6FEDD631141DC70300D59BFC /* Resources */,
			);
			buildRules = (
			);
			dependencies = (
			);
			name = "iShopping-good";
			productName = "iShopping-good";
			productReference = 6FEDD633141DC70300D59BFC /* iShopping-good.app */;
			productType = "com.apple.product-type.application";
		};
/* End PBXNativeTarget section */

/* Begin PBXProject section */
		6FEDD62A141DC70200D59BFC /* Project object */ = {
			isa = PBXProject;
			buildConfigurationList = 6FEDD62D141DC70200D59BFC /* Build configuration list for PBXProject "iShopping-good" */;
			compatibilityVersion = "Xcode 3.2";
			developmentRegion = English;
			hasScannedForEncodings = 0;
			knownRegions = (
				en,
				de,
				es,
				fr,
				it,
				ja,
				ko,
			);
			mainGroup = 6FEDD628141DC70200D59BFC;
			productRefGroup = 6FEDD634141DC70300D59BFC /* Products */;
			projectDirPath = "";
			projectRoot = "";
			targets = (
				6FEDD632141DC70300D59BFC /* iShopping-good */,
			);
		};
/* End PBXProject section */

/* Begin PBXResourcesBuildPhase section */
		6FEDD631141DC70300D59BFC /* Resources */ = {
			isa = PBXResourcesBuildPhase;
			buildActionMask = 2147483647;
			files = (
				6FEDD65B141DC7E400D59BFC /* MainWindow.xib in Resources */,
				6FEDD69B141DCEB700D59BFC /* CoconutKit_ButtonBarArrowLeft.png in Resources */,
				6FEDD69C141DCEB700D59BFC /* CoconutKit_ButtonBarArrowLeft@2x.png in Resources */,
				6FEDD69D141DCEB700D59BFC /* CoconutKit_ButtonBarArrowRight.png in Resources */,
				6FEDD69E141DCEB700D59BFC /* CoconutKit_ButtonBarArrowRight@2x.png in Resources */,
				6FEDD69F141DCEB700D59BFC /* CoconutKit_ButtonBarRefresh.png in Resources */,
				6FEDD6A0141DCEB700D59BFC /* CoconutKit_ButtonBarRefresh@2x.png in Resources */,
				6FEDD6A1141DCEB700D59BFC /* CoconutKit_cursor_default_pointer.png in Resources */,
				6FEDD6A2141DCEB700D59BFC /* CoconutKit_HLSWebViewController.xib in Resources */,
				6FEDD6A3141DCEB700D59BFC /* CoconutKit_Localizable.strings in Resources */,
				6FEDD6A8141DCF2100D59BFC /* ShoppingViewController.xib in Resources */,
				6FEDD758141E641100D59BFC /* ProductListViewController.xib in Resources */,
				6FAE40DB141F1E83008C5D02 /* ProductViewController.xib in Resources */,
				6F86679C14206B69006AA9E5 /* CartItemListViewController.xib in Resources */,
				6F8667A114207046006AA9E5 /* CartItemTableViewCell.xib in Resources */,
				6F7765B61421483C0043D472 /* BillingInformationViewController.xib in Resources */,
			);
			runOnlyForDeploymentPostprocessing = 0;
		};
/* End PBXResourcesBuildPhase section */

/* Begin PBXSourcesBuildPhase section */
		6FEDD62F141DC70300D59BFC /* Sources */ = {
			isa = PBXSourcesBuildPhase;
			buildActionMask = 2147483647;
			files = (
				6FEDD65A141DC7E400D59BFC /* iShopping_goodAppDelegate.m in Sources */,
				6FEDD660141DC7EF00D59BFC /* main.m in Sources */,
				6FEDD699141DCEB700D59BFC /* CoconutKit_bootstrap.m in Sources */,
				6FEDD6A6141DCF0C00D59BFC /* ShoppingViewController.m in Sources */,
				6FEDD755141E63DB00D59BFC /* ProductListViewController.m in Sources */,
				6FAE40D8141F1E54008C5D02 /* ProductViewController.m in Sources */,
				6F86679A14206B59006AA9E5 /* CartItemListViewController.m in Sources */,
				6F86679F1420702B006AA9E5 /* CartItemTableViewCell.m in Sources */,
				6F7765B31421482A0043D472 /* BillingInformationViewController.m in Sources */,
			);
			runOnlyForDeploymentPostprocessing = 0;
		};
/* End PBXSourcesBuildPhase section */

/* Begin PBXVariantGroup section */
		6FEDD691141DCEB700D59BFC /* CoconutKit_Localizable.strings */ = {
			isa = PBXVariantGroup;
			children = (
				6FEDD693141DCEB700D59BFC /* en */,
			);
			name = CoconutKit_Localizable.strings;
			sourceTree = "<group>";
		};
/* End PBXVariantGroup section */

/* Begin XCBuildConfiguration section */
		6FEDD64C141DC70300D59BFC /* Debug */ = {
			isa = XCBuildConfiguration;
			buildSettings = {
				ALWAYS_SEARCH_USER_PATHS = NO;
				ARCHS = "$(ARCHS_UNIVERSAL_IPHONE_OS)";
				"CODE_SIGN_IDENTITY[sdk=iphoneos*]" = "iPhone Developer";
				COPY_PHASE_STRIP = NO;
				GCC_C_LANGUAGE_STANDARD = gnu99;
				GCC_DYNAMIC_NO_PIC = NO;
				GCC_OPTIMIZATION_LEVEL = 0;
				GCC_PREPROCESSOR_DEFINITIONS = (
					"DEBUG=1",
					"$(inherited)",
				);
				GCC_SYMBOLS_PRIVATE_EXTERN = NO;
				GCC_VERSION = com.apple.compilers.llvmgcc42;
				GCC_WARN_ABOUT_MISSING_PROTOTYPES = YES;
				GCC_WARN_ABOUT_RETURN_TYPE = YES;
				GCC_WARN_UNUSED_VARIABLE = YES;
				IPHONEOS_DEPLOYMENT_TARGET = 4.3;
				SDKROOT = iphoneos;
				TARGETED_DEVICE_FAMILY = 2;
			};
			name = Debug;
		};
		6FEDD64D141DC70300D59BFC /* Release */ = {
			isa = XCBuildConfiguration;
			buildSettings = {
				ALWAYS_SEARCH_USER_PATHS = NO;
				ARCHS = "$(ARCHS_UNIVERSAL_IPHONE_OS)";
				"CODE_SIGN_IDENTITY[sdk=iphoneos*]" = "iPhone Developer";
				COPY_PHASE_STRIP = YES;
				GCC_C_LANGUAGE_STANDARD = gnu99;
				GCC_VERSION = com.apple.compilers.llvmgcc42;
				GCC_WARN_ABOUT_MISSING_PROTOTYPES = YES;
				GCC_WARN_ABOUT_RETURN_TYPE = YES;
				GCC_WARN_UNUSED_VARIABLE = YES;
				IPHONEOS_DEPLOYMENT_TARGET = 4.3;
				OTHER_CFLAGS = "-DNS_BLOCK_ASSERTIONS=1";
				SDKROOT = iphoneos;
				TARGETED_DEVICE_FAMILY = 2;
				VALIDATE_PRODUCT = YES;
			};
			name = Release;
		};
		6FEDD64F141DC70300D59BFC /* Debug */ = {
			isa = XCBuildConfiguration;
			buildSettings = {
				FRAMEWORK_SEARCH_PATHS = (
					"$(inherited)",
					"\"/LeStudioSDK/Binaries/CoconutKit/CoconutKit-1.0.1-$(CONFIGURATION).staticframework\"",
				);
				GCC_PRECOMPILE_PREFIX_HEADER = YES;
				GCC_PREFIX_HEADER = "iShopping-good-Prefix.pch";
				INFOPLIST_FILE = "iShopping-good-Info.plist";
				PRODUCT_NAME = "$(TARGET_NAME)";
				WRAPPER_EXTENSION = app;
			};
			name = Debug;
		};
		6FEDD650141DC70300D59BFC /* Release */ = {
			isa = XCBuildConfiguration;
			buildSettings = {
				FRAMEWORK_SEARCH_PATHS = (
					"$(inherited)",
					"\"/LeStudioSDK/Binaries/CoconutKit/CoconutKit-1.0.1-$(CONFIGURATION).staticframework\"",
				);
				GCC_PRECOMPILE_PREFIX_HEADER = YES;
				GCC_PREFIX_HEADER = "iShopping-good-Prefix.pch";
				INFOPLIST_FILE = "iShopping-good-Info.plist";
				PRODUCT_NAME = "$(TARGET_NAME)";
				WRAPPER_EXTENSION = app;
			};
			name = Release;
		};
/* End XCBuildConfiguration section */

/* Begin XCConfigurationList section */
		6FEDD62D141DC70200D59BFC /* Build configuration list for PBXProject "iShopping-good" */ = {
			isa = XCConfigurationList;
			buildConfigurations = (
				6FEDD64C141DC70300D59BFC /* Debug */,
				6FEDD64D141DC70300D59BFC /* Release */,
			);
			defaultConfigurationIsVisible = 0;
			defaultConfigurationName = Release;
		};
		6FEDD64E141DC70300D59BFC /* Build configuration list for PBXNativeTarget "iShopping-good" */ = {
			isa = XCConfigurationList;
			buildConfigurations = (
				6FEDD64F141DC70300D59BFC /* Debug */,
				6FEDD650141DC70300D59BFC /* Release */,
			);
			defaultConfigurationIsVisible = 0;
			defaultConfigurationName = Release;
		};
/* End XCConfigurationList section */
	};
	rootObject = 6FEDD62A141DC70200D59BFC /* Project object */;
}
